// !$*UTF8*$!
{
	archiveVersion = 1;
	classes = {
	};
	objectVersion = 46;
	objects = {

/* Begin PBXBuildFile section */
		0420AA421C76B844007E0F00 /* libZFFramework.a in Frameworks */ = {isa = PBXBuildFile; fileRef = 0420AA411C76B844007E0F00 /* libZFFramework.a */; };
		0420AA421C76B844007E0F01 /* libZFFramework_impl.a in Frameworks */ = {isa = PBXBuildFile; fileRef = 0420AA411C76B844007E0F01 /* libZFFramework_impl.a */; };
		
		
		
		
		
		
		
		
		
		
		
		
		
		
		
		
		
		
		
		
		
		
		
		
		
		
		
		
		
		
		0420AA481C76B858007E0FC8 /* libZFFramework_loader.a in Frameworks */ = {isa = PBXBuildFile; fileRef = 0420AA471C76B858007E0FC8 /* libZFFramework_loader.a */; };
		04D1E2471C3A710F00B3AD34 /* zfgensrc_ZF2048.mm in Sources */ = {isa = PBXBuildFile; fileRef = 04D1E2461C3A710F00B3AD34 /* zfgensrc_ZF2048.mm */; };
		0482D81B1B4CC82700464BD1 /* Foundation.framework in Frameworks */ = {isa = PBXBuildFile; fileRef = 0482D81A1B4CC82700464BD1 /* Foundation.framework */; };
		0482D81D1B4CC82C00464BD1 /* UIKit.framework in Frameworks */ = {isa = PBXBuildFile; fileRef = 0482D81C1B4CC82C00464BD1 /* UIKit.framework */; };
		0482D81F1B4CC83100464BD1 /* QuartzCore.framework in Frameworks */ = {isa = PBXBuildFile; fileRef = 0482D81E1B4CC83100464BD1 /* QuartzCore.framework */; };
		0482D8211B4CC83700464BD1 /* CoreGraphics.framework in Frameworks */ = {isa = PBXBuildFile; fileRef = 0482D8201B4CC83700464BD1 /* CoreGraphics.framework */; };
		0482D8171B4CC75700464BD1 /* Default-568h@2x.png in Resources */ = {isa = PBXBuildFile; fileRef = 0482D8151B4CC75700464BD1 /* Default-568h@2x.png */; };
		04D7BF731B5BE4ED004C4C51 /* Icon-29.png in Resources */ = {isa = PBXBuildFile; fileRef = 04D7BF6E1B5BE4ED004C4C51 /* Icon-29.png */; };
		04D7BF741B5BE4ED004C4C51 /* Icon-50.png in Resources */ = {isa = PBXBuildFile; fileRef = 04D7BF6F1B5BE4ED004C4C51 /* Icon-50.png */; };
		04D7BF751B5BE4ED004C4C51 /* Icon-72.png in Resources */ = {isa = PBXBuildFile; fileRef = 04D7BF701B5BE4ED004C4C51 /* Icon-72.png */; };
		04D7BF761B5BE4ED004C4C51 /* Icon.png in Resources */ = {isa = PBXBuildFile; fileRef = 04D7BF711B5BE4ED004C4C51 /* Icon.png */; };
		04D7BF771B5BE4ED004C4C51 /* Icon@2x.png in Resources */ = {isa = PBXBuildFile; fileRef = 04D7BF721B5BE4ED004C4C51 /* Icon@2x.png */; };
/* End PBXBuildFile section */

/* Begin PBXFileReference section */
		0420AA411C76B844007E0F00 /* libZFFramework.a */ = {isa = PBXFileReference; lastKnownFileType = archive.ar; name = libZFFramework.a; path = ../../../../../ZFFramework/_release/iOS/ZF/lib/libZFFramework.a; sourceTree = "<group>"; };
		0420AA411C76B844007E0F01 /* libZFFramework_impl.a */ = {isa = PBXFileReference; lastKnownFileType = archive.ar; name = libZFFramework_impl.a; path = ../../../../../ZFFramework/_release/iOS/ZF_impl/lib/libZFFramework_impl.a; sourceTree = "<group>"; };
		
		
		
		
		
		
		
		
		
		
		
		
		
		
		
		
		
		
		
		
		
		
		
		
		
		
		
		
		
		
		0420AA471C76B858007E0FC8 /* libZFFramework_loader.a */ = {isa = PBXFileReference; lastKnownFileType = archive.ar; name = libZFFramework_loader.a; path = ../../../../../ZFFramework/_release/iOS/ZF_loader/lib/libZFFramework_loader.a; sourceTree = "<group>"; };
		04C8E3201C3B990B00CA64A1 /* src */ = {isa = PBXFileReference; lastKnownFileType = folder; name = src; path = ../../../src; sourceTree = "<group>"; };
		04D1E2461C3A710F00B3AD34 /* zfgensrc_ZF2048.mm */ = {isa = PBXFileReference; fileEncoding = 4; lastKnownFileType = sourcecode.cpp.objcpp; path = zfgensrc_ZF2048.mm; sourceTree = "<group>"; };
		0482D7EB1B4CC65F00464BD1 /* ZF2048.app */ = {isa = PBXFileReference; explicitFileType = wrapper.application; includeInIndex = 0; path = ZF2048.app; sourceTree = BUILT_PRODUCTS_DIR; };
		0482D81A1B4CC82700464BD1 /* Foundation.framework */ = {isa = PBXFileReference; lastKnownFileType = wrapper.framework; name = Foundation.framework; path = System/Library/Frameworks/Foundation.framework; sourceTree = SDKROOT; };
		0482D81C1B4CC82C00464BD1 /* UIKit.framework */ = {isa = PBXFileReference; lastKnownFileType = wrapper.framework; name = UIKit.framework; path = System/Library/Frameworks/UIKit.framework; sourceTree = SDKROOT; };
		0482D81E1B4CC83100464BD1 /* QuartzCore.framework */ = {isa = PBXFileReference; lastKnownFileType = wrapper.framework; name = QuartzCore.framework; path = System/Library/Frameworks/QuartzCore.framework; sourceTree = SDKROOT; };
		0482D8201B4CC83700464BD1 /* CoreGraphics.framework */ = {isa = PBXFileReference; lastKnownFileType = wrapper.framework; name = CoreGraphics.framework; path = System/Library/Frameworks/CoreGraphics.framework; sourceTree = SDKROOT; };
		0482D8151B4CC75700464BD1 /* Default-568h@2x.png */ = {isa = PBXFileReference; lastKnownFileType = image.png; path = "Default-568h@2x.png"; sourceTree = "<group>"; };
		04D7BF6E1B5BE4ED004C4C51 /* Icon-29.png */ = {isa = PBXFileReference; lastKnownFileType = image.png; path = "Icon-29.png"; sourceTree = "<group>"; };
		04D7BF6F1B5BE4ED004C4C51 /* Icon-50.png */ = {isa = PBXFileReference; lastKnownFileType = image.png; path = "Icon-50.png"; sourceTree = "<group>"; };
		04D7BF701B5BE4ED004C4C51 /* Icon-72.png */ = {isa = PBXFileReference; lastKnownFileType = image.png; path = "Icon-72.png"; sourceTree = "<group>"; };
		04D7BF711B5BE4ED004C4C51 /* Icon.png */ = {isa = PBXFileReference; lastKnownFileType = image.png; path = Icon.png; sourceTree = "<group>"; };
		04D7BF721B5BE4ED004C4C51 /* Icon@2x.png */ = {isa = PBXFileReference; lastKnownFileType = image.png; path = "Icon@2x.png"; sourceTree = "<group>"; };
/* End PBXFileReference section */

/* Begin PBXFrameworksBuildPhase section */
		0482D7E81B4CC65F00464BD1 /* Frameworks */ = {
			isa = PBXFrameworksBuildPhase;
			buildActionMask = 2147483647;
			files = (
				0420AA421C76B844007E0F00 /* libZFFramework.a in Frameworks */,
				0420AA421C76B844007E0F01 /* libZFFramework_impl.a in Frameworks */,
				
				
				
				
				
				
				
				
				
				
				
				
				
				
				
				
				
				
				
				
				
				
				
				
				
				
				
				
				
				
				0420AA481C76B858007E0FC8 /* libZFFramework_loader.a in Frameworks */,
				0482D81B1B4CC82700464BD1 /* Foundation.framework in Frameworks */,
				0482D81D1B4CC82C00464BD1 /* UIKit.framework in Frameworks */,
				0482D8211B4CC83700464BD1 /* CoreGraphics.framework in Frameworks */,
				0482D81F1B4CC83100464BD1 /* QuartzCore.framework in Frameworks */,
			);
			runOnlyForDeploymentPostprocessing = 0;
		};
/* End PBXFrameworksBuildPhase section */

/* Begin PBXGroup section */
		0482D7E21B4CC65F00464BD1 = {
			isa = PBXGroup;
			children = (
				04C8E31F1C3B990200CA64A1 /* ZF2048 */,
				0482D8141B4CC75700464BD1 /* ProjectFiles */,
				0482D8191B4CC81500464BD1 /* Frameworks */,
				0482D7EC1B4CC65F00464BD1 /* Products */,
			);
			sourceTree = "<group>";
		};
		0482D7EC1B4CC65F00464BD1 /* Products */ = {
			isa = PBXGroup;
			children = (
				0482D7EB1B4CC65F00464BD1 /* ZF2048.app */,
			);
			name = Products;
			sourceTree = "<group>";
		};
		0482D8141B4CC75700464BD1 /* ProjectFiles */ = {
			isa = PBXGroup;
			children = (
				04D1E2461C3A710F00B3AD34 /* zfgensrc_ZF2048.mm */,
				0482D8151B4CC75700464BD1 /* Default-568h@2x.png */,
				04D7BF6E1B5BE4ED004C4C51 /* Icon-29.png */,
				04D7BF6F1B5BE4ED004C4C51 /* Icon-50.png */,
				04D7BF701B5BE4ED004C4C51 /* Icon-72.png */,
				04D7BF711B5BE4ED004C4C51 /* Icon.png */,
				04D7BF721B5BE4ED004C4C51 /* Icon@2x.png */,
			);
			path = ProjectFiles;
			sourceTree = "<group>";
		};
		0482D8191B4CC81500464BD1 /* Frameworks */ = {
			isa = PBXGroup;
			children = (
				0420AA411C76B844007E0F00 /* libZFFramework.a */,
				0420AA411C76B844007E0F01 /* libZFFramework_impl.a */,
				
				
				
				
				
				
				
				
				
				
				
				
				
				
				
				
				
				
				
				
				
				
				
				
				
				
				
				
				
				
				0420AA471C76B858007E0FC8 /* libZFFramework_loader.a */,
				0482D81A1B4CC82700464BD1 /* Foundation.framework */,
				0482D81C1B4CC82C00464BD1 /* UIKit.framework */,
				0482D8201B4CC83700464BD1 /* CoreGraphics.framework */,
				0482D81E1B4CC83100464BD1 /* QuartzCore.framework */,
			);
			name = Frameworks;
			sourceTree = "<group>";
		};
		04C8E31F1C3B990200CA64A1 /* ZF2048 */ = {
			isa = PBXGroup;
			children = (
				04C8E3201C3B990B00CA64A1 /* src */,
			);
			name = ZF2048;
			sourceTree = "<group>";
		};
/* End PBXGroup section */

/* Begin PBXNativeTarget section */
		0482D7EA1B4CC65F00464BD1 /* ZF2048 */ = {
			isa = PBXNativeTarget;
			buildConfigurationList = 0482D80E1B4CC65F00464BD1 /* Build configuration list for PBXNativeTarget "ZF2048" */;
			buildPhases = (
				040BF4CC1C5A1DEF00140981 /* ZFSetup */,
				0452F9E61C57D8B700C46C65 /* ZFCheckRelease */,
				04D1E2451C3A70E800B3AD34 /* ZFCompileSource */,
				0482D7E71B4CC65F00464BD1 /* Sources */,
				0482D7E81B4CC65F00464BD1 /* Frameworks */,
				0482D7E91B4CC65F00464BD1 /* Resources */,
				0482D8291B4CC87F00464BD1 /* ZFCopyResource */,
			);
			buildRules = (
			);
			dependencies = (
			);
			name = ZF2048;
			productName = ZF2048;
			productReference = 0482D7EB1B4CC65F00464BD1 /* ZF2048.app */;
			productType = "com.apple.product-type.application";
		};
/* End PBXNativeTarget section */

/* Begin PBXProject section */
		0482D7E31B4CC65F00464BD1 /* Project object */ = {
			isa = PBXProject;
			attributes = {
				LastUpgradeCheck = 0700;
				ORGANIZATIONNAME = ZFFramework;
				TargetAttributes = {
					0482D7EA1B4CC65F00464BD1 = {
						CreatedOnToolsVersion = 6.3.1;
					};
				};
			};
			buildConfigurationList = 0482D7E61B4CC65F00464BD1 /* Build configuration list for PBXProject "ZF2048" */;
			compatibilityVersion = "Xcode 3.2";
			developmentRegion = English;
			hasScannedForEncodings = 0;
			knownRegions = (
				en,
			);
			mainGroup = 0482D7E21B4CC65F00464BD1;
			productRefGroup = 0482D7EC1B4CC65F00464BD1 /* Products */;
			projectDirPath = "";
			projectRoot = "";
			targets = (
				0482D7EA1B4CC65F00464BD1 /* ZF2048 */,
			);
		};
/* End PBXProject section */

/* Begin PBXResourcesBuildPhase section */
		0482D7E91B4CC65F00464BD1 /* Resources */ = {
			isa = PBXResourcesBuildPhase;
			buildActionMask = 2147483647;
			files = (
				0482D8171B4CC75700464BD1 /* Default-568h@2x.png in Resources */,
				04D7BF731B5BE4ED004C4C51 /* Icon-29.png in Resources */,
				04D7BF741B5BE4ED004C4C51 /* Icon-50.png in Resources */,
				04D7BF751B5BE4ED004C4C51 /* Icon-72.png in Resources */,
				04D7BF761B5BE4ED004C4C51 /* Icon.png in Resources */,
				04D7BF771B5BE4ED004C4C51 /* Icon@2x.png in Resources */,
			);
			runOnlyForDeploymentPostprocessing = 0;
		};
/* End PBXResourcesBuildPhase section */

/* Begin PBXShellScriptBuildPhase section */
		040BF4CC1C5A1DEF00140981 /* ZFSetup */ = {
			isa = PBXShellScriptBuildPhase;
			buildActionMask = 2147483647;
			files = (
			);
			inputPaths = (
			);
			name = ZFSetup;
			outputPaths = (
			);
			runOnlyForDeploymentPostprocessing = 0;
			shellPath = /bin/sh;
			shellScript = "sh ${SRCROOT}/../../../ZFSetup.sh";
		};
		0452F9E61C57D8B700C46C65 /* ZFCheckRelease */ = {
			isa = PBXShellScriptBuildPhase;
			buildActionMask = 2147483647;
			files = (
			);
			inputPaths = (
			);
			name = ZFCheckRelease;
			outputPaths = (
			);
			runOnlyForDeploymentPostprocessing = 0;
			shellPath = /bin/sh;
			shellScript = "sh ${SRCROOT}/../../../../../ZFFramework/tools/release/release_iOS_check.sh";
		};
		0482D8291B4CC87F00464BD1 /* ZFCopyResource */ = {
			isa = PBXShellScriptBuildPhase;
			buildActionMask = 2147483647;
			files = (
			);
			inputPaths = (
			);
			name = ZFCopyResource;
			outputPaths = (
			);
			runOnlyForDeploymentPostprocessing = 0;
			shellPath = /bin/sh;
			shellScript = "ZF_ROOT_PATH=${SRCROOT}/../../../../../ZFFramework\nZF_TOOLS_PATH=$ZF_ROOT_PATH/tools\nRES_DST_PATH=${CONFIGURATION_BUILD_DIR}/${CONTENTS_FOLDER_PATH}/res\n\nsh \"$ZF_TOOLS_PATH/common/copy_res.sh\" \"$ZF_ROOT_PATH/_release/iOS/ZF/res\" \"$RES_DST_PATH\"\nsh \"$ZF_TOOLS_PATH/common/copy_res.sh\" \"$ZF_ROOT_PATH/_release/iOS/ZF_impl/res\" \"$RES_DST_PATH\"\nsh \"$ZF_TOOLS_PATH/common/copy_res.sh\" \"${SRCROOT}/../../../res\" \"$RES_DST_PATH\"\n";
		};
		04D1E2451C3A70E800B3AD34 /* ZFCompileSource */ = {
			isa = PBXShellScriptBuildPhase;
			buildActionMask = 2147483647;
			files = (
			);
			inputPaths = (
			);
			name = ZFCompileSource;
			outputPaths = (
			);
			runOnlyForDeploymentPostprocessing = 0;
			shellPath = /bin/sh;
			shellScript = "sh ${SRCROOT}/../../../../../ZFFramework/tools/common/unity_build.sh ProjectFiles/zfgensrc_ZF2048.mm \"${SRCROOT}/../../../src\"\n";
		};
/* End PBXShellScriptBuildPhase section */

/* Begin PBXSourcesBuildPhase section */
		0482D7E71B4CC65F00464BD1 /* Sources */ = {
			isa = PBXSourcesBuildPhase;
			buildActionMask = 2147483647;
			files = (
				04D1E2471C3A710F00B3AD34 /* zfgensrc_ZF2048.mm in Sources */,
			);
			runOnlyForDeploymentPostprocessing = 0;
		};
/* End PBXSourcesBuildPhase section */

/* Begin XCBuildConfiguration section */
		0482D80C1B4CC65F00464BD1 /* Debug */ = {
			isa = XCBuildConfiguration;
			buildSettings = {
				ALWAYS_SEARCH_USER_PATHS = NO;
				CLANG_CXX_LANGUAGE_STANDARD = "gnu++0x";
				CLANG_CXX_LIBRARY = "libc++";
				CLANG_ENABLE_MODULES = YES;
				CLANG_ENABLE_OBJC_ARC = NO;
				CLANG_WARN_BOOL_CONVERSION = YES;
				CLANG_WARN_CONSTANT_CONVERSION = YES;
				CLANG_WARN_DIRECT_OBJC_ISA_USAGE = YES_ERROR;
				CLANG_WARN_EMPTY_BODY = YES;
				CLANG_WARN_ENUM_CONVERSION = YES;
				CLANG_WARN_INT_CONVERSION = YES;
				CLANG_WARN_OBJC_ROOT_CLASS = YES_ERROR;
				CLANG_WARN_UNREACHABLE_CODE = YES;
				CLANG_WARN__DUPLICATE_METHOD_MATCH = YES;
				"CODE_SIGN_IDENTITY[sdk=iphoneos*]" = "iPhone Developer";
				COPY_PHASE_STRIP = NO;
				DEBUG_INFORMATION_FORMAT = dwarf;
				ENABLE_STRICT_OBJC_MSGSEND = YES;
				ENABLE_TESTABILITY = YES;
				GCC_C_LANGUAGE_STANDARD = gnu99;
				GCC_DYNAMIC_NO_PIC = NO;
				GCC_NO_COMMON_BLOCKS = YES;
				GCC_OPTIMIZATION_LEVEL = 0;
				GCC_PREPROCESSOR_DEFINITIONS = (
					"DEBUG=1",
					"$(inherited)",
				);
				GCC_WARN_64_TO_32_BIT_CONVERSION = YES;
				GCC_WARN_ABOUT_RETURN_TYPE = YES_ERROR;
				GCC_WARN_UNDECLARED_SELECTOR = YES;
				GCC_WARN_UNINITIALIZED_AUTOS = YES_AGGRESSIVE;
				GCC_WARN_UNUSED_FUNCTION = YES;
				GCC_WARN_UNUSED_VARIABLE = YES;
				IPHONEOS_DEPLOYMENT_TARGET = 6.0;
				MTL_ENABLE_DEBUG_INFO = YES;
				ONLY_ACTIVE_ARCH = YES;
				SDKROOT = iphoneos;
				TARGETED_DEVICE_FAMILY = "1,2";
			};
			name = Debug;
		};
		0482D80D1B4CC65F00464BD1 /* Release */ = {
			isa = XCBuildConfiguration;
			buildSettings = {
				ALWAYS_SEARCH_USER_PATHS = NO;
				CLANG_CXX_LANGUAGE_STANDARD = "gnu++0x";
				CLANG_CXX_LIBRARY = "libc++";
				CLANG_ENABLE_MODULES = YES;
				CLANG_ENABLE_OBJC_ARC = NO;
				CLANG_WARN_BOOL_CONVERSION = YES;
				CLANG_WARN_CONSTANT_CONVERSION = YES;
				CLANG_WARN_DIRECT_OBJC_ISA_USAGE = YES_ERROR;
				CLANG_WARN_EMPTY_BODY = YES;
				CLANG_WARN_ENUM_CONVERSION = YES;
				CLANG_WARN_INT_CONVERSION = YES;
				CLANG_WARN_OBJC_ROOT_CLASS = YES_ERROR;
				CLANG_WARN_UNREACHABLE_CODE = YES;
				CLANG_WARN__DUPLICATE_METHOD_MATCH = YES;
				"CODE_SIGN_IDENTITY[sdk=iphoneos*]" = "iPhone Developer";
				COPY_PHASE_STRIP = NO;
				DEBUG_INFORMATION_FORMAT = dwarf;
				ENABLE_NS_ASSERTIONS = NO;
				ENABLE_STRICT_OBJC_MSGSEND = YES;
				GCC_C_LANGUAGE_STANDARD = gnu99;
				GCC_NO_COMMON_BLOCKS = YES;
				GCC_WARN_64_TO_32_BIT_CONVERSION = YES;
				GCC_WARN_ABOUT_RETURN_TYPE = YES_ERROR;
				GCC_WARN_UNDECLARED_SELECTOR = YES;
				GCC_WARN_UNINITIALIZED_AUTOS = YES_AGGRESSIVE;
				GCC_WARN_UNUSED_FUNCTION = YES;
				GCC_WARN_UNUSED_VARIABLE = YES;
				IPHONEOS_DEPLOYMENT_TARGET = 6.0;
				MTL_ENABLE_DEBUG_INFO = NO;
				SDKROOT = iphoneos;
				TARGETED_DEVICE_FAMILY = "1,2";
				VALIDATE_PRODUCT = YES;
			};
			name = Release;
		};
		0482D80F1B4CC65F00464BD1 /* Debug */ = {
			isa = XCBuildConfiguration;
			buildSettings = {
				CLANG_ENABLE_OBJC_ARC = NO;
				ENABLE_BITCODE = NO;
				GCC_INLINES_ARE_PRIVATE_EXTERN = YES;
				GCC_SYMBOLS_PRIVATE_EXTERN = YES;
				INFOPLIST_FILE = "${SRCROOT}/ProjectFiles/Info.plist";
				IPHONEOS_DEPLOYMENT_TARGET = 6.0;
				LD_RUNPATH_SEARCH_PATHS = "$(inherited) @executable_path/Frameworks";
				LIBRARY_SEARCH_PATHS = (
					"$(inherited)",
					"${SRCROOT}/../../../../../ZFFramework/_release/iOS/ZF/lib",
					"${SRCROOT}/../../../../../ZFFramework/_release/iOS/ZF_impl/lib",
					
					
					
					
					
					
					
					
					
					
					
					
					
					
					
					
					
					
					
					
					
					
					
					
					
					
					
					
					
					
					"${SRCROOT}/../../../../../ZFFramework/_release/iOS/ZF_loader/lib",
				);
				OTHER_CFLAGS = (
					"$(inherited)",
				);
				OTHER_LDFLAGS = (
					"$(inherited)",
					"-Objc",
					"-all_load",
				);
				PRODUCT_BUNDLE_IDENTIFIER = "com.ZFFramework.iOS.$(PRODUCT_NAME:rfc1034identifier)";
				PRODUCT_NAME = "$(TARGET_NAME)";
				USER_HEADER_SEARCH_PATHS = (
					"$(inherited)",
					"${SRCROOT}/../../../src",
					"${SRCROOT}/../../../../../ZFFramework/_release/iOS/ZF/include",
					"${SRCROOT}/../../../../../ZFFramework/_release/iOS/ZF_impl/include",
					
					
					
					
					
					
					
					
					
					
					
					
					
					
					
					
					
					
					
					
					
					
					
					
					
					
					
					
					
					
				);
			};
			name = Debug;
		};
		0482D8101B4CC65F00464BD1 /* Release */ = {
			isa = XCBuildConfiguration;
			buildSettings = {
				CLANG_ENABLE_OBJC_ARC = NO;
				ENABLE_BITCODE = NO;
				GCC_INLINES_ARE_PRIVATE_EXTERN = YES;
				GCC_SYMBOLS_PRIVATE_EXTERN = YES;
				INFOPLIST_FILE = "${SRCROOT}/ProjectFiles/Info.plist";
				IPHONEOS_DEPLOYMENT_TARGET = 6.0;
				LD_RUNPATH_SEARCH_PATHS = "$(inherited) @executable_path/Frameworks";
				LIBRARY_SEARCH_PATHS = (
					"$(inherited)",
					"${SRCROOT}/../../../../../ZFFramework/_release/iOS/ZF/lib",
					"${SRCROOT}/../../../../../ZFFramework/_release/iOS/ZF_impl/lib",
					
					
					
					
					
					
					
					
					
					
					
					
					
					
					
					
					
					
					
					
					
					
					
					
					
					
					
					
					
					
					"${SRCROOT}/../../../../../ZFFramework/_release/iOS/ZF_loader/lib",
				);
				OTHER_CFLAGS = (
					"$(inherited)",
				);
				OTHER_LDFLAGS = (
					"$(inherited)",
					"-Objc",
					"-all_load",
				);
				PRODUCT_BUNDLE_IDENTIFIER = "com.ZFFramework.iOS.$(PRODUCT_NAME:rfc1034identifier)";
				PRODUCT_NAME = "$(TARGET_NAME)";
				USER_HEADER_SEARCH_PATHS = (
					"$(inherited)",
					"${SRCROOT}/../../../src",
					"${SRCROOT}/../../../../../ZFFramework/_release/iOS/ZF/include",
					"${SRCROOT}/../../../../../ZFFramework/_release/iOS/ZF_impl/include",
					
					
					
					
					
					
					
					
					
					
					
					
					
					
					
					
					
					
					
					
					
					
					
					
					
					
					
					
					
					
				);
			};
			name = Release;
		};
/* End XCBuildConfiguration section */

/* Begin XCConfigurationList section */
		0482D7E61B4CC65F00464BD1 /* Build configuration list for PBXProject "ZF2048" */ = {
			isa = XCConfigurationList;
			buildConfigurations = (
				0482D80C1B4CC65F00464BD1 /* Debug */,
				0482D80D1B4CC65F00464BD1 /* Release */,
			);
			defaultConfigurationIsVisible = 0;
			defaultConfigurationName = Release;
		};
		0482D80E1B4CC65F00464BD1 /* Build configuration list for PBXNativeTarget "ZF2048" */ = {
			isa = XCConfigurationList;
			buildConfigurations = (
				0482D80F1B4CC65F00464BD1 /* Debug */,
				0482D8101B4CC65F00464BD1 /* Release */,
			);
			defaultConfigurationIsVisible = 0;
			defaultConfigurationName = Release;
		};
/* End XCConfigurationList section */
	};
	rootObject = 0482D7E31B4CC65F00464BD1 /* Project object */;
}
